
Microsoft Visual Studio Solution File, Format Version 12.00
# Visual Studio Version 17
VisualStudioVersion = 17.8.34511.84
MinimumVisualStudioVersion = 10.0.40219.1
Project("{9A19103F-16F7-4668-BE54-9A1E7A4F7556}") = "ShatterpointReferences", "ShatterpointReferences\ShatterpointReferences.csproj", "{55321342-5839-4E50-888A-DE03DBF08E0D}"
EndProject
Project("{FAE04EC0-301F-11D3-BF4B-00C04F79EFBC}") = "ShatterpointReference.Test", "ShatterpointReference.Test\ShatterpointReference.Test.csproj", "{939576C8-681C-430A-ACBE-8781B60DB7C6}"
EndProject
Global
	GlobalSection(SolutionConfigurationPlatforms) = preSolution
		Debug|Any CPU = Debug|Any CPU
		Release|Any CPU = Release|Any CPU
	EndGlobalSection
	GlobalSection(ProjectConfigurationPlatforms) = postSolution
		{55321342-5839-4E50-888A-DE03DBF08E0D}.Debug|Any CPU.ActiveCfg = Debug|Any CPU
		{55321342-5839-4E50-888A-DE03DBF08E0D}.Debug|Any CPU.Build.0 = Debug|Any CPU
		{55321342-5839-4E50-888A-DE03DBF08E0D}.Release|Any CPU.ActiveCfg = Release|Any CPU
		{55321342-5839-4E50-888A-DE03DBF08E0D}.Release|Any CPU.Build.0 = Release|Any CPU
		{939576C8-681C-430A-ACBE-8781B60DB7C6}.Debug|Any CPU.ActiveCfg = Debug|Any CPU
		{939576C8-681C-430A-ACBE-8781B60DB7C6}.Debug|Any CPU.Build.0 = Debug|Any CPU
		{939576C8-681C-430A-ACBE-8781B60DB7C6}.Release|Any CPU.ActiveCfg = Release|Any CPU
		{939576C8-681C-430A-ACBE-8781B60DB7C6}.Release|Any CPU.Build.0 = Release|Any CPU
	EndGlobalSection
	GlobalSection(SolutionProperties) = preSolution
		HideSolutionNode = FALSE
	EndGlobalSection
	GlobalSection(ExtensibilityGlobals) = postSolution
		SolutionGuid = {7190E437-DBB7-4688-8F51-D1267AEE25EE}
	EndGlobalSection
EndGlobal
